// !$*UTF8*$!
{
	archiveVersion = 1;
	classes = {
	};
	objectVersion = 46;
	objects = {

/* Begin PBXBuildFile section */
		142101581990419D001994CA /* DataSource.swift in Sources */ = {isa = PBXBuildFile; fileRef = 142101571990419D001994CA /* DataSource.swift */; };
		143E6747197E4AC100FB32E5 /* BookItemReminder.swift in Sources */ = {isa = PBXBuildFile; fileRef = 143E6746197E4AC100FB32E5 /* BookItemReminder.swift */; };
		143E674D197E4CFF00FB32E5 /* TimelineRootViewController.swift in Sources */ = {isa = PBXBuildFile; fileRef = 143E674C197E4CFF00FB32E5 /* TimelineRootViewController.swift */; };
		143E6751197E4D4100FB32E5 /* BookItemRootViewController.swift in Sources */ = {isa = PBXBuildFile; fileRef = 143E6750197E4D4100FB32E5 /* BookItemRootViewController.swift */; };
		1462ED3119734214004862EC /* AppDelegate.swift in Sources */ = {isa = PBXBuildFile; fileRef = 1462ED3019734214004862EC /* AppDelegate.swift */; };
		1462ED3819734214004862EC /* Main.storyboard in Resources */ = {isa = PBXBuildFile; fileRef = 1462ED3619734214004862EC /* Main.storyboard */; };
		1462ED3A19734214004862EC /* Images.xcassets in Resources */ = {isa = PBXBuildFile; fileRef = 1462ED3919734214004862EC /* Images.xcassets */; };
		1462ED4619734214004862EC /* Just_PaidTests.swift in Sources */ = {isa = PBXBuildFile; fileRef = 1462ED4519734214004862EC /* Just_PaidTests.swift */; };
		14948989198E2A39002F794E /* FamilyBookDetailViewController.swift in Sources */ = {isa = PBXBuildFile; fileRef = 14948988198E2A39002F794E /* FamilyBookDetailViewController.swift */; };
		1494898B198E2A81002F794E /* FamilyBookNavigationController.swift in Sources */ = {isa = PBXBuildFile; fileRef = 1494898A198E2A81002F794E /* FamilyBookNavigationController.swift */; };
		1494898E198EF1A9002F794E /* MemeberCell.swift in Sources */ = {isa = PBXBuildFile; fileRef = 1494898D198EF1A9002F794E /* MemeberCell.swift */; };
		1494C6FE197DCD62006AF4E4 /* BookItem.swift in Sources */ = {isa = PBXBuildFile; fileRef = 1494C6FD197DCD62006AF4E4 /* BookItem.swift */; };
		1494C700197DCDB1006AF4E4 /* BookKeeper.swift in Sources */ = {isa = PBXBuildFile; fileRef = 1494C6FF197DCDB1006AF4E4 /* BookKeeper.swift */; };
		1494C702197DCDB2006AF4E4 /* FamilyBook.swift in Sources */ = {isa = PBXBuildFile; fileRef = 1494C701197DCDB2006AF4E4 /* FamilyBook.swift */; };
		1494C708197DCF1F006AF4E4 /* CKEntity.swift in Sources */ = {isa = PBXBuildFile; fileRef = 1494C707197DCF1F006AF4E4 /* CKEntity.swift */; };
		1494C70A197DCF40006AF4E4 /* BookItemTag.swift in Sources */ = {isa = PBXBuildFile; fileRef = 1494C709197DCF3F006AF4E4 /* BookItemTag.swift */; };
		14999A551977B76300F8C4A0 /* CoreDataManager.swift in Sources */ = {isa = PBXBuildFile; fileRef = 14999A541977B76300F8C4A0 /* CoreDataManager.swift */; };
		14A43DF2197F881000E483E2 /* CloudKit.framework in Frameworks */ = {isa = PBXBuildFile; fileRef = 14A43DF1197F881000E483E2 /* CloudKit.framework */; };
		14A43DF4197F8EF100E483E2 /* CloudKitManager.swift in Sources */ = {isa = PBXBuildFile; fileRef = 14A43DF3197F8EF100E483E2 /* CloudKitManager.swift */; };
		14E15EE01973BE34002D2DF1 /* JustPaidModel.xcdatamodeld in Sources */ = {isa = PBXBuildFile; fileRef = 14E15EDE1973BE34002D2DF1 /* JustPaidModel.xcdatamodeld */; };
		14E70D7D19938ABC0043994E /* JPTabBarItem.swift in Sources */ = {isa = PBXBuildFile; fileRef = 14E70D7C19938ABC0043994E /* JPTabBarItem.swift */; };
		14E70D7F199399660043994E /* JPAddTabBarItem.swift in Sources */ = {isa = PBXBuildFile; fileRef = 14E70D7E199399660043994E /* JPAddTabBarItem.swift */; };
		14E70D83199435EC0043994E /* JPCurrencyLabel.swift in Sources */ = {isa = PBXBuildFile; fileRef = 14E70D82199435EC0043994E /* JPCurrencyLabel.swift */; };
		14E70D85199438950043994E /* JPAnimatedCurrencyLabel.swift in Sources */ = {isa = PBXBuildFile; fileRef = 14E70D84199438950043994E /* JPAnimatedCurrencyLabel.swift */; };
		14ECC1A21992E2F200F0B074 /* FamilyBookCategoryCell.swift in Sources */ = {isa = PBXBuildFile; fileRef = 14ECC1A11992E2F200F0B074 /* FamilyBookCategoryCell.swift */; };
		14F0BC60199AD08E00AED501 /* FamilyBookJoinViewController.swift in Sources */ = {isa = PBXBuildFile; fileRef = 14F0BC5F199AD08E00AED501 /* FamilyBookJoinViewController.swift */; };
/* End PBXBuildFile section */

/* Begin PBXContainerItemProxy section */
		1462ED4019734214004862EC /* PBXContainerItemProxy */ = {
			isa = PBXContainerItemProxy;
			containerPortal = 1462ED2319734214004862EC /* Project object */;
			proxyType = 1;
			remoteGlobalIDString = 1462ED2A19734214004862EC;
			remoteInfo = "Just Paid";
		};
/* End PBXContainerItemProxy section */

/* Begin PBXFileReference section */
		142101571990419D001994CA /* DataSource.swift */ = {isa = PBXFileReference; fileEncoding = 4; lastKnownFileType = sourcecode.swift; path = DataSource.swift; sourceTree = "<group>"; };
		143E6746197E4AC100FB32E5 /* BookItemReminder.swift */ = {isa = PBXFileReference; fileEncoding = 4; lastKnownFileType = sourcecode.swift; path = BookItemReminder.swift; sourceTree = "<group>"; };
		143E674C197E4CFF00FB32E5 /* TimelineRootViewController.swift */ = {isa = PBXFileReference; fileEncoding = 4; lastKnownFileType = sourcecode.swift; path = TimelineRootViewController.swift; sourceTree = "<group>"; };
		143E6750197E4D4100FB32E5 /* BookItemRootViewController.swift */ = {isa = PBXFileReference; fileEncoding = 4; lastKnownFileType = sourcecode.swift; path = BookItemRootViewController.swift; sourceTree = "<group>"; };
		1462ED2B19734214004862EC /* Just Paid.app */ = {isa = PBXFileReference; explicitFileType = wrapper.application; includeInIndex = 0; path = "Just Paid.app"; sourceTree = BUILT_PRODUCTS_DIR; };
		1462ED2F19734214004862EC /* Info.plist */ = {isa = PBXFileReference; lastKnownFileType = text.plist.xml; path = Info.plist; sourceTree = "<group>"; };
		1462ED3019734214004862EC /* AppDelegate.swift */ = {isa = PBXFileReference; lastKnownFileType = sourcecode.swift; path = AppDelegate.swift; sourceTree = "<group>"; };
		1462ED3719734214004862EC /* Base */ = {isa = PBXFileReference; lastKnownFileType = file.storyboard; name = Base; path = Base.lproj/Main.storyboard; sourceTree = "<group>"; };
		1462ED3919734214004862EC /* Images.xcassets */ = {isa = PBXFileReference; lastKnownFileType = folder.assetcatalog; path = Images.xcassets; sourceTree = "<group>"; };
		1462ED3F19734214004862EC /* Just PaidTests.xctest */ = {isa = PBXFileReference; explicitFileType = wrapper.cfbundle; includeInIndex = 0; path = "Just PaidTests.xctest"; sourceTree = BUILT_PRODUCTS_DIR; };
		1462ED4419734214004862EC /* Info.plist */ = {isa = PBXFileReference; lastKnownFileType = text.plist.xml; path = Info.plist; sourceTree = "<group>"; };
		1462ED4519734214004862EC /* Just_PaidTests.swift */ = {isa = PBXFileReference; lastKnownFileType = sourcecode.swift; path = Just_PaidTests.swift; sourceTree = "<group>"; };
		14948988198E2A39002F794E /* FamilyBookDetailViewController.swift */ = {isa = PBXFileReference; fileEncoding = 4; lastKnownFileType = sourcecode.swift; path = FamilyBookDetailViewController.swift; sourceTree = "<group>"; };
		1494898A198E2A81002F794E /* FamilyBookNavigationController.swift */ = {isa = PBXFileReference; fileEncoding = 4; lastKnownFileType = sourcecode.swift; path = FamilyBookNavigationController.swift; sourceTree = "<group>"; };
		1494898D198EF1A9002F794E /* MemeberCell.swift */ = {isa = PBXFileReference; fileEncoding = 4; lastKnownFileType = sourcecode.swift; path = MemeberCell.swift; sourceTree = "<group>"; };
		1494C6FD197DCD62006AF4E4 /* BookItem.swift */ = {isa = PBXFileReference; fileEncoding = 4; lastKnownFileType = sourcecode.swift; path = BookItem.swift; sourceTree = "<group>"; };
		1494C6FF197DCDB1006AF4E4 /* BookKeeper.swift */ = {isa = PBXFileReference; fileEncoding = 4; lastKnownFileType = sourcecode.swift; path = BookKeeper.swift; sourceTree = "<group>"; };
		1494C701197DCDB2006AF4E4 /* FamilyBook.swift */ = {isa = PBXFileReference; fileEncoding = 4; lastKnownFileType = sourcecode.swift; path = FamilyBook.swift; sourceTree = "<group>"; };
		1494C707197DCF1F006AF4E4 /* CKEntity.swift */ = {isa = PBXFileReference; fileEncoding = 4; lastKnownFileType = sourcecode.swift; path = CKEntity.swift; sourceTree = "<group>"; };
		1494C709197DCF3F006AF4E4 /* BookItemTag.swift */ = {isa = PBXFileReference; fileEncoding = 4; lastKnownFileType = sourcecode.swift; path = BookItemTag.swift; sourceTree = "<group>"; };
		14999A541977B76300F8C4A0 /* CoreDataManager.swift */ = {isa = PBXFileReference; fileEncoding = 4; lastKnownFileType = sourcecode.swift; path = CoreDataManager.swift; sourceTree = "<group>"; };
		14A43DF0197F880D00E483E2 /* Just Paid.entitlements */ = {isa = PBXFileReference; lastKnownFileType = text.xml; path = "Just Paid.entitlements"; sourceTree = "<group>"; };
		14A43DF1197F881000E483E2 /* CloudKit.framework */ = {isa = PBXFileReference; lastKnownFileType = wrapper.framework; name = CloudKit.framework; path = System/Library/Frameworks/CloudKit.framework; sourceTree = SDKROOT; };
		14A43DF3197F8EF100E483E2 /* CloudKitManager.swift */ = {isa = PBXFileReference; fileEncoding = 4; lastKnownFileType = sourcecode.swift; path = CloudKitManager.swift; sourceTree = "<group>"; };
		14E15EDF1973BE34002D2DF1 /* JustPaidModel.xcdatamodel */ = {isa = PBXFileReference; lastKnownFileType = wrapper.xcdatamodel; path = JustPaidModel.xcdatamodel; sourceTree = "<group>"; };
		14E70D7C19938ABC0043994E /* JPTabBarItem.swift */ = {isa = PBXFileReference; fileEncoding = 4; lastKnownFileType = sourcecode.swift; path = JPTabBarItem.swift; sourceTree = "<group>"; };
		14E70D7E199399660043994E /* JPAddTabBarItem.swift */ = {isa = PBXFileReference; fileEncoding = 4; lastKnownFileType = sourcecode.swift; path = JPAddTabBarItem.swift; sourceTree = "<group>"; };
		14E70D82199435EC0043994E /* JPCurrencyLabel.swift */ = {isa = PBXFileReference; fileEncoding = 4; lastKnownFileType = sourcecode.swift; path = JPCurrencyLabel.swift; sourceTree = "<group>"; };
		14E70D84199438950043994E /* JPAnimatedCurrencyLabel.swift */ = {isa = PBXFileReference; fileEncoding = 4; lastKnownFileType = sourcecode.swift; path = JPAnimatedCurrencyLabel.swift; sourceTree = "<group>"; };
		14ECC1A11992E2F200F0B074 /* FamilyBookCategoryCell.swift */ = {isa = PBXFileReference; fileEncoding = 4; lastKnownFileType = sourcecode.swift; path = FamilyBookCategoryCell.swift; sourceTree = "<group>"; };
		14F0BC5F199AD08E00AED501 /* FamilyBookJoinViewController.swift */ = {isa = PBXFileReference; fileEncoding = 4; lastKnownFileType = sourcecode.swift; path = FamilyBookJoinViewController.swift; sourceTree = "<group>"; };
/* End PBXFileReference section */

/* Begin PBXFrameworksBuildPhase section */
		1462ED2819734214004862EC /* Frameworks */ = {
			isa = PBXFrameworksBuildPhase;
			buildActionMask = 2147483647;
			files = (
				14A43DF2197F881000E483E2 /* CloudKit.framework in Frameworks */,
			);
			runOnlyForDeploymentPostprocessing = 0;
		};
		1462ED3C19734214004862EC /* Frameworks */ = {
			isa = PBXFrameworksBuildPhase;
			buildActionMask = 2147483647;
			files = (
			);
			runOnlyForDeploymentPostprocessing = 0;
		};
/* End PBXFrameworksBuildPhase section */

/* Begin PBXGroup section */
		1421015619904180001994CA /* Helpers */ = {
			isa = PBXGroup;
			children = (
				142101571990419D001994CA /* DataSource.swift */,
			);
			name = Helpers;
			sourceTree = "<group>";
		};
		143E6748197E4C4100FB32E5 /* Controllers */ = {
			isa = PBXGroup;
			children = (
				143E674B197E4CA600FB32E5 /* Timeline View Controllers */,
				143E674A197E4C9500FB32E5 /* Family Book View Controllers */,
				143E6749197E4C4E00FB32E5 /* Book Item View Controllers */,
			);
			name = Controllers;
			sourceTree = "<group>";
		};
		143E6749197E4C4E00FB32E5 /* Book Item View Controllers */ = {
			isa = PBXGroup;
			children = (
				143E6750197E4D4100FB32E5 /* BookItemRootViewController.swift */,
			);
			name = "Book Item View Controllers";
			sourceTree = "<group>";
		};
		143E674A197E4C9500FB32E5 /* Family Book View Controllers */ = {
			isa = PBXGroup;
			children = (
				1494898C198EF18B002F794E /* Cells */,
				14948988198E2A39002F794E /* FamilyBookDetailViewController.swift */,
				1494898A198E2A81002F794E /* FamilyBookNavigationController.swift */,
				14F0BC5F199AD08E00AED501 /* FamilyBookJoinViewController.swift */,
			);
			name = "Family Book View Controllers";
			sourceTree = "<group>";
		};
		143E674B197E4CA600FB32E5 /* Timeline View Controllers */ = {
			isa = PBXGroup;
			children = (
				143E674C197E4CFF00FB32E5 /* TimelineRootViewController.swift */,
			);
			name = "Timeline View Controllers";
			sourceTree = "<group>";
		};
		1462ED2219734214004862EC = {
			isa = PBXGroup;
			children = (
				14A43DF1197F881000E483E2 /* CloudKit.framework */,
				1462ED2D19734214004862EC /* Just Paid */,
				1462ED4219734214004862EC /* Just PaidTests */,
				1462ED2C19734214004862EC /* Products */,
			);
			sourceTree = "<group>";
		};
		1462ED2C19734214004862EC /* Products */ = {
			isa = PBXGroup;
			children = (
				1462ED2B19734214004862EC /* Just Paid.app */,
				1462ED3F19734214004862EC /* Just PaidTests.xctest */,
			);
			name = Products;
			sourceTree = "<group>";
		};
		1462ED2D19734214004862EC /* Just Paid */ = {
			isa = PBXGroup;
			children = (
				14E70D7B19938A920043994E /* Controls */,
				1421015619904180001994CA /* Helpers */,
				14A43DF0197F880D00E483E2 /* Just Paid.entitlements */,
				143E6748197E4C4100FB32E5 /* Controllers */,
				14999A531977B72700F8C4A0 /* Managers */,
				14E15EDD1973BD91002D2DF1 /* Models */,
				1462ED3019734214004862EC /* AppDelegate.swift */,
				1462ED3619734214004862EC /* Main.storyboard */,
				1462ED3919734214004862EC /* Images.xcassets */,
				1462ED2E19734214004862EC /* Supporting Files */,
			);
			path = "Just Paid";
			sourceTree = "<group>";
		};
		1462ED2E19734214004862EC /* Supporting Files */ = {
			isa = PBXGroup;
			children = (
				1462ED2F19734214004862EC /* Info.plist */,
			);
			name = "Supporting Files";
			sourceTree = "<group>";
		};
		1462ED4219734214004862EC /* Just PaidTests */ = {
			isa = PBXGroup;
			children = (
				1462ED4519734214004862EC /* Just_PaidTests.swift */,
				1462ED4319734214004862EC /* Supporting Files */,
			);
			path = "Just PaidTests";
			sourceTree = "<group>";
		};
		1462ED4319734214004862EC /* Supporting Files */ = {
			isa = PBXGroup;
			children = (
				1462ED4419734214004862EC /* Info.plist */,
			);
			name = "Supporting Files";
			sourceTree = "<group>";
		};
		1494898C198EF18B002F794E /* Cells */ = {
			isa = PBXGroup;
			children = (
				1494898D198EF1A9002F794E /* MemeberCell.swift */,
				14ECC1A11992E2F200F0B074 /* FamilyBookCategoryCell.swift */,
			);
			name = Cells;
			sourceTree = "<group>";
		};
		14999A531977B72700F8C4A0 /* Managers */ = {
			isa = PBXGroup;
			children = (
				14999A541977B76300F8C4A0 /* CoreDataManager.swift */,
				14A43DF3197F8EF100E483E2 /* CloudKitManager.swift */,
			);
			name = Managers;
			sourceTree = "<group>";
		};
		14E15EDD1973BD91002D2DF1 /* Models */ = {
			isa = PBXGroup;
			children = (
				1494C701197DCDB2006AF4E4 /* FamilyBook.swift */,
				1494C6FF197DCDB1006AF4E4 /* BookKeeper.swift */,
				1494C6FD197DCD62006AF4E4 /* BookItem.swift */,
				14E15EDE1973BE34002D2DF1 /* JustPaidModel.xcdatamodeld */,
				143E6746197E4AC100FB32E5 /* BookItemReminder.swift */,
				1494C709197DCF3F006AF4E4 /* BookItemTag.swift */,
				1494C707197DCF1F006AF4E4 /* CKEntity.swift */,
			);
			name = Models;
			sourceTree = "<group>";
		};
		14E70D7B19938A920043994E /* Controls */ = {
			isa = PBXGroup;
			children = (
				14E70D7C19938ABC0043994E /* JPTabBarItem.swift */,
				14E70D7E199399660043994E /* JPAddTabBarItem.swift */,
				14E70D82199435EC0043994E /* JPCurrencyLabel.swift */,
				14E70D84199438950043994E /* JPAnimatedCurrencyLabel.swift */,
			);
			name = Controls;
			sourceTree = "<group>";
		};
/* End PBXGroup section */

/* Begin PBXNativeTarget section */
		1462ED2A19734214004862EC /* Just Paid */ = {
			isa = PBXNativeTarget;
			buildConfigurationList = 1462ED4919734214004862EC /* Build configuration list for PBXNativeTarget "Just Paid" */;
			buildPhases = (
				1462ED2719734214004862EC /* Sources */,
				1462ED2819734214004862EC /* Frameworks */,
				1462ED2919734214004862EC /* Resources */,
			);
			buildRules = (
			);
			dependencies = (
			);
			name = "Just Paid";
			productName = "Just Paid";
			productReference = 1462ED2B19734214004862EC /* Just Paid.app */;
			productType = "com.apple.product-type.application";
		};
		1462ED3E19734214004862EC /* Just PaidTests */ = {
			isa = PBXNativeTarget;
			buildConfigurationList = 1462ED4C19734214004862EC /* Build configuration list for PBXNativeTarget "Just PaidTests" */;
			buildPhases = (
				1462ED3B19734214004862EC /* Sources */,
				1462ED3C19734214004862EC /* Frameworks */,
				1462ED3D19734214004862EC /* Resources */,
			);
			buildRules = (
			);
			dependencies = (
				1462ED4119734214004862EC /* PBXTargetDependency */,
			);
			name = "Just PaidTests";
			productName = "Just PaidTests";
			productReference = 1462ED3F19734214004862EC /* Just PaidTests.xctest */;
			productType = "com.apple.product-type.bundle.unit-test";
		};
/* End PBXNativeTarget section */

/* Begin PBXProject section */
		1462ED2319734214004862EC /* Project object */ = {
			isa = PBXProject;
			attributes = {
				LastUpgradeCheck = 0600;
				ORGANIZATIONNAME = "Zack Zhu";
				TargetAttributes = {
					1462ED2A19734214004862EC = {
						CreatedOnToolsVersion = 6.0;
						DevelopmentTeam = K825P6N3H5;
						SystemCapabilities = {
							com.apple.iCloud = {
								enabled = 1;
							};
						};
					};
					1462ED3E19734214004862EC = {
						CreatedOnToolsVersion = 6.0;
						TestTargetID = 1462ED2A19734214004862EC;
					};
				};
			};
			buildConfigurationList = 1462ED2619734214004862EC /* Build configuration list for PBXProject "Just Paid" */;
			compatibilityVersion = "Xcode 3.2";
			developmentRegion = English;
			hasScannedForEncodings = 0;
			knownRegions = (
				en,
				Base,
			);
			mainGroup = 1462ED2219734214004862EC;
			productRefGroup = 1462ED2C19734214004862EC /* Products */;
			projectDirPath = "";
			projectRoot = "";
			targets = (
				1462ED2A19734214004862EC /* Just Paid */,
				1462ED3E19734214004862EC /* Just PaidTests */,
			);
		};
/* End PBXProject section */

/* Begin PBXResourcesBuildPhase section */
		1462ED2919734214004862EC /* Resources */ = {
			isa = PBXResourcesBuildPhase;
			buildActionMask = 2147483647;
			files = (
				1462ED3819734214004862EC /* Main.storyboard in Resources */,
				1462ED3A19734214004862EC /* Images.xcassets in Resources */,
			);
			runOnlyForDeploymentPostprocessing = 0;
		};
		1462ED3D19734214004862EC /* Resources */ = {
			isa = PBXResourcesBuildPhase;
			buildActionMask = 2147483647;
			files = (
			);
			runOnlyForDeploymentPostprocessing = 0;
		};
/* End PBXResourcesBuildPhase section */

/* Begin PBXSourcesBuildPhase section */
		1462ED2719734214004862EC /* Sources */ = {
			isa = PBXSourcesBuildPhase;
			buildActionMask = 2147483647;
			files = (
				14948989198E2A39002F794E /* FamilyBookDetailViewController.swift in Sources */,
				1494C708197DCF1F006AF4E4 /* CKEntity.swift in Sources */,
				14E70D7D19938ABC0043994E /* JPTabBarItem.swift in Sources */,
				14ECC1A21992E2F200F0B074 /* FamilyBookCategoryCell.swift in Sources */,
				1494C702197DCDB2006AF4E4 /* FamilyBook.swift in Sources */,
				1462ED3119734214004862EC /* AppDelegate.swift in Sources */,
				143E6751197E4D4100FB32E5 /* BookItemRootViewController.swift in Sources */,
				14A43DF4197F8EF100E483E2 /* CloudKitManager.swift in Sources */,
				142101581990419D001994CA /* DataSource.swift in Sources */,
				14E70D83199435EC0043994E /* JPCurrencyLabel.swift in Sources */,
				1494898B198E2A81002F794E /* FamilyBookNavigationController.swift in Sources */,
				14E70D85199438950043994E /* JPAnimatedCurrencyLabel.swift in Sources */,
				1494C700197DCDB1006AF4E4 /* BookKeeper.swift in Sources */,
				14999A551977B76300F8C4A0 /* CoreDataManager.swift in Sources */,
				1494C6FE197DCD62006AF4E4 /* BookItem.swift in Sources */,
				14F0BC60199AD08E00AED501 /* FamilyBookJoinViewController.swift in Sources */,
				143E6747197E4AC100FB32E5 /* BookItemReminder.swift in Sources */,
				1494C70A197DCF40006AF4E4 /* BookItemTag.swift in Sources */,
				14E70D7F199399660043994E /* JPAddTabBarItem.swift in Sources */,
				143E674D197E4CFF00FB32E5 /* TimelineRootViewController.swift in Sources */,
				1494898E198EF1A9002F794E /* MemeberCell.swift in Sources */,
				14E15EE01973BE34002D2DF1 /* JustPaidModel.xcdatamodeld in Sources */,
			);
			runOnlyForDeploymentPostprocessing = 0;
		};
		1462ED3B19734214004862EC /* Sources */ = {
			isa = PBXSourcesBuildPhase;
			buildActionMask = 2147483647;
			files = (
				1462ED4619734214004862EC /* Just_PaidTests.swift in Sources */,
			);
			runOnlyForDeploymentPostprocessing = 0;
		};
/* End PBXSourcesBuildPhase section */

/* Begin PBXTargetDependency section */
		1462ED4119734214004862EC /* PBXTargetDependency */ = {
			isa = PBXTargetDependency;
			target = 1462ED2A19734214004862EC /* Just Paid */;
			targetProxy = 1462ED4019734214004862EC /* PBXContainerItemProxy */;
		};
/* End PBXTargetDependency section */

/* Begin PBXVariantGroup section */
		1462ED3619734214004862EC /* Main.storyboard */ = {
			isa = PBXVariantGroup;
			children = (
				1462ED3719734214004862EC /* Base */,
			);
			name = Main.storyboard;
			sourceTree = "<group>";
		};
/* End PBXVariantGroup section */

/* Begin XCBuildConfiguration section */
		1462ED4719734214004862EC /* Debug */ = {
			isa = XCBuildConfiguration;
			buildSettings = {
				ALWAYS_SEARCH_USER_PATHS = NO;
				CLANG_CXX_LANGUAGE_STANDARD = "gnu++0x";
				CLANG_CXX_LIBRARY = "libc++";
				CLANG_ENABLE_MODULES = YES;
				CLANG_ENABLE_OBJC_ARC = YES;
				CLANG_WARN_BOOL_CONVERSION = YES;
				CLANG_WARN_CONSTANT_CONVERSION = YES;
				CLANG_WARN_DIRECT_OBJC_ISA_USAGE = YES_ERROR;
				CLANG_WARN_EMPTY_BODY = YES;
				CLANG_WARN_ENUM_CONVERSION = YES;
				CLANG_WARN_INT_CONVERSION = YES;
				CLANG_WARN_OBJC_ROOT_CLASS = YES_ERROR;
				CLANG_WARN_UNREACHABLE_CODE = YES;
				CLANG_WARN__DUPLICATE_METHOD_MATCH = YES;
				"CODE_SIGN_IDENTITY[sdk=iphoneos*]" = "iPhone Developer";
				COPY_PHASE_STRIP = NO;
				ENABLE_STRICT_OBJC_MSGSEND = YES;
				GCC_C_LANGUAGE_STANDARD = gnu99;
				GCC_DYNAMIC_NO_PIC = NO;
				GCC_OPTIMIZATION_LEVEL = 0;
				GCC_PREPROCESSOR_DEFINITIONS = (
					"DEBUG=1",
					"$(inherited)",
				);
				GCC_SYMBOLS_PRIVATE_EXTERN = NO;
				GCC_WARN_64_TO_32_BIT_CONVERSION = YES;
				GCC_WARN_ABOUT_RETURN_TYPE = YES_ERROR;
				GCC_WARN_UNDECLARED_SELECTOR = YES;
				GCC_WARN_UNINITIALIZED_AUTOS = YES_AGGRESSIVE;
				GCC_WARN_UNUSED_FUNCTION = YES;
				GCC_WARN_UNUSED_VARIABLE = YES;
				IPHONEOS_DEPLOYMENT_TARGET = 8.0;
				MTL_ENABLE_DEBUG_INFO = YES;
				ONLY_ACTIVE_ARCH = YES;
				SDKROOT = iphoneos;
				SWIFT_OPTIMIZATION_LEVEL = "-Onone";
			};
			name = Debug;
		};
		1462ED4819734214004862EC /* Release */ = {
			isa = XCBuildConfiguration;
			buildSettings = {
				ALWAYS_SEARCH_USER_PATHS = NO;
				CLANG_CXX_LANGUAGE_STANDARD = "gnu++0x";
				CLANG_CXX_LIBRARY = "libc++";
				CLANG_ENABLE_MODULES = YES;
				CLANG_ENABLE_OBJC_ARC = YES;
				CLANG_WARN_BOOL_CONVERSION = YES;
				CLANG_WARN_CONSTANT_CONVERSION = YES;
				CLANG_WARN_DIRECT_OBJC_ISA_USAGE = YES_ERROR;
				CLANG_WARN_EMPTY_BODY = YES;
				CLANG_WARN_ENUM_CONVERSION = YES;
				CLANG_WARN_INT_CONVERSION = YES;
				CLANG_WARN_OBJC_ROOT_CLASS = YES_ERROR;
				CLANG_WARN_UNREACHABLE_CODE = YES;
				CLANG_WARN__DUPLICATE_METHOD_MATCH = YES;
				"CODE_SIGN_IDENTITY[sdk=iphoneos*]" = "iPhone Developer";
				COPY_PHASE_STRIP = YES;
				ENABLE_NS_ASSERTIONS = NO;
				ENABLE_STRICT_OBJC_MSGSEND = YES;
				GCC_C_LANGUAGE_STANDARD = gnu99;
				GCC_WARN_64_TO_32_BIT_CONVERSION = YES;
				GCC_WARN_ABOUT_RETURN_TYPE = YES_ERROR;
				GCC_WARN_UNDECLARED_SELECTOR = YES;
				GCC_WARN_UNINITIALIZED_AUTOS = YES_AGGRESSIVE;
				GCC_WARN_UNUSED_FUNCTION = YES;
				GCC_WARN_UNUSED_VARIABLE = YES;
				IPHONEOS_DEPLOYMENT_TARGET = 8.0;
				MTL_ENABLE_DEBUG_INFO = NO;
				SDKROOT = iphoneos;
				VALIDATE_PRODUCT = YES;
			};
			name = Release;
		};
		1462ED4A19734214004862EC /* Debug */ = {
			isa = XCBuildConfiguration;
			buildSettings = {
				ASSETCATALOG_COMPILER_APPICON_NAME = AppIcon;
				ASSETCATALOG_COMPILER_LAUNCHIMAGE_NAME = LaunchImage;
				CLANG_ENABLE_MODULES = YES;
				CODE_SIGN_ENTITLEMENTS = "Just Paid/Just Paid.entitlements";
				CODE_SIGN_IDENTITY = "iPhone Developer";
				"CODE_SIGN_IDENTITY[sdk=iphoneos*]" = "iPhone Developer";
				INFOPLIST_FILE = "Just Paid/Info.plist";
				LD_RUNPATH_SEARCH_PATHS = "$(inherited) @executable_path/Frameworks";
				PRODUCT_NAME = "$(TARGET_NAME)";
				PROVISIONING_PROFILE = "";
				SWIFT_OPTIMIZATION_LEVEL = "-Onone";
			};
			name = Debug;
		};
		1462ED4B19734214004862EC /* Release */ = {
			isa = XCBuildConfiguration;
			buildSettings = {
				ASSETCATALOG_COMPILER_APPICON_NAME = AppIcon;
				ASSETCATALOG_COMPILER_LAUNCHIMAGE_NAME = LaunchImage;
				CLANG_ENABLE_MODULES = YES;
				CODE_SIGN_ENTITLEMENTS = "Just Paid/Just Paid.entitlements";
				CODE_SIGN_IDENTITY = "iPhone Developer";
				"CODE_SIGN_IDENTITY[sdk=iphoneos*]" = "iPhone Developer";
				INFOPLIST_FILE = "Just Paid/Info.plist";
				LD_RUNPATH_SEARCH_PATHS = "$(inherited) @executable_path/Frameworks";
				PRODUCT_NAME = "$(TARGET_NAME)";
				PROVISIONING_PROFILE = "";
			};
			name = Release;
		};
		1462ED4D19734214004862EC /* Debug */ = {
			isa = XCBuildConfiguration;
			buildSettings = {
				BUNDLE_LOADER = "$(BUILT_PRODUCTS_DIR)/Just Paid.app/Just Paid";
				FRAMEWORK_SEARCH_PATHS = (
					"$(SDKROOT)/Developer/Library/Frameworks",
					"$(inherited)",
				);
				GCC_PREPROCESSOR_DEFINITIONS = (
					"DEBUG=1",
					"$(inherited)",
				);
				INFOPLIST_FILE = "Just PaidTests/Info.plist";
				LD_RUNPATH_SEARCH_PATHS = "$(inherited) @executable_path/Frameworks @loader_path/Frameworks";
				PRODUCT_NAME = "$(TARGET_NAME)";
				TEST_HOST = "$(BUNDLE_LOADER)";
			};
			name = Debug;
		};
		1462ED4E19734214004862EC /* Release */ = {
			isa = XCBuildConfiguration;
			buildSettings = {
				BUNDLE_LOADER = "$(BUILT_PRODUCTS_DIR)/Just Paid.app/Just Paid";
				FRAMEWORK_SEARCH_PATHS = (
					"$(SDKROOT)/Developer/Library/Frameworks",
					"$(inherited)",
				);
				INFOPLIST_FILE = "Just PaidTests/Info.plist";
				LD_RUNPATH_SEARCH_PATHS = "$(inherited) @executable_path/Frameworks @loader_path/Frameworks";
				PRODUCT_NAME = "$(TARGET_NAME)";
				TEST_HOST = "$(BUNDLE_LOADER)";
			};
			name = Release;
		};
/* End XCBuildConfiguration section */

/* Begin XCConfigurationList section */
		1462ED2619734214004862EC /* Build configuration list for PBXProject "Just Paid" */ = {
			isa = XCConfigurationList;
			buildConfigurations = (
				1462ED4719734214004862EC /* Debug */,
				1462ED4819734214004862EC /* Release */,
			);
			defaultConfigurationIsVisible = 0;
			defaultConfigurationName = Release;
		};
		1462ED4919734214004862EC /* Build configuration list for PBXNativeTarget "Just Paid" */ = {
			isa = XCConfigurationList;
			buildConfigurations = (
				1462ED4A19734214004862EC /* Debug */,
				1462ED4B19734214004862EC /* Release */,
			);
			defaultConfigurationIsVisible = 0;
			defaultConfigurationName = Release;
		};
		1462ED4C19734214004862EC /* Build configuration list for PBXNativeTarget "Just PaidTests" */ = {
			isa = XCConfigurationList;
			buildConfigurations = (
				1462ED4D19734214004862EC /* Debug */,
				1462ED4E19734214004862EC /* Release */,
			);
			defaultConfigurationIsVisible = 0;
			defaultConfigurationName = Release;
		};
/* End XCConfigurationList section */

/* Begin XCVersionGroup section */
		14E15EDE1973BE34002D2DF1 /* JustPaidModel.xcdatamodeld */ = {
			isa = XCVersionGroup;
			children = (
				14E15EDF1973BE34002D2DF1 /* JustPaidModel.xcdatamodel */,
			);
			currentVersion = 14E15EDF1973BE34002D2DF1 /* JustPaidModel.xcdatamodel */;
			path = JustPaidModel.xcdatamodeld;
			sourceTree = "<group>";
			versionGroupType = wrapper.xcdatamodel;
		};
/* End XCVersionGroup section */
	};
	rootObject = 1462ED2319734214004862EC /* Project object */;
}
